{
  "name": "formal-atlas",
  "version": "0.2.0",
  "lockfileVersion": 3,
  "requires": true,
  "packages": {
    "": {
      "name": "formal-atlas",
      "version": "0.2.0",
      "license": "GPL-3.0-or-later",
      "dependencies": {
        "acorn": "^8.11.0",
        "tau-prolog": "^0.3.4",
        "tree-sitter-wasms": "^0.1.13",
        "web-tree-sitter": "^0.22.6",
        "z3-solver": "^4.16.0"
      },
      "bin": {
        "formal-atlas": "src/cli.js"
      }
    },
    "node_modules/acorn": {
      "version": "8.16.0",
      "resolved": "https://registry.npmmirror.com/acorn/-/acorn-8.16.0.tgz",
      "integrity": "sha512-UVJyE9MttOsBQIDKw1skb9nAwQuR5wuGD3+82K6JgJlm/Y+KI92oNsMNGZCYdDsVtRHSak0pcV5Dno5+4jh9sw==",
      "license": "MIT",
      "bin": {
        "acorn": "bin/acorn"
      },
      "engines": {
        "node": ">=0.4.0"
      }
    },
    "node_modules/async-mutex": {
      "version": "0.3.2",
      "resolved": "https://registry.npmmirror.com/async-mutex/-/async-mutex-0.3.2.tgz",
      "integrity": "sha512-HuTK7E7MT7jZEh1P9GtRW9+aTWiDWWi9InbZ5hjxrnRa39KS4BW04+xLBhYNS2aXhHUIKZSw3gj4Pn1pj+qGAA==",
      "license": "MIT",
      "dependencies": {
        "tslib": "^2.3.1"
      }
    },
    "node_modules/readline-sync": {
      "version": "1.4.9",
      "resolved": "https://registry.npmmirror.com/readline-sync/-/readline-sync-1.4.9.tgz",
      "integrity": "sha512-mp5h1N39kuKbCRGebLPIKTBOhuDw55GaNg5S+K9TW9uDAS1wIHpGUc2YokdUMZJb8GqS49sWmWEDijaESYh0Hg==",
      "license": "MIT",
      "engines": {
        "node": ">= 0.8.0"
      }
    },
    "node_modules/tau-prolog": {
      "version": "0.3.4",
      "resolved": "https://registry.npmmirror.com/tau-prolog/-/tau-prolog-0.3.4.tgz",
      "integrity": "sha512-CEEa6C3IRPGN5GuXptBjLWOrF2x7aE06CP/p54oXJciBBfokkPom30uRNhKgbBAz1+AeuM1KtK2JMa0R3u+pRA==",
      "license": "BSD-3-Clause",
      "dependencies": {
        "readline-sync": "1.4.9"
      }
    },
    "node_modules/tree-sitter-wasms": {
      "version": "0.1.13",
      "resolved": "https://registry.npmmirror.com/tree-sitter-wasms/-/tree-sitter-wasms-0.1.13.tgz",
      "integrity": "sha512-wT+cR6DwaIz80/vho3AvSF0N4txuNx/5bcRKoXouOfClpxh/qqrF4URNLQXbbt8MaAxeksZcZd1j8gcGjc+QxQ==",
      "license": "Unlicense",
      "dependencies": {
        "tree-sitter-wasms": "^0.1.11"
      }
    },
    "node_modules/tslib": {
      "version": "2.8.1",
      "resolved": "https://registry.npmmirror.com/tslib/-/tslib-2.8.1.tgz",
      "integrity": "sha512-oJFu94HQb+KVduSUQL7wnpmqnfmLsOA/nAh6b6EH0wCEoK0/mPeXU6c3wKDV83MkOuHPRHtSXKKU99IBazS/2w==",
      "license": "0BSD"
    },
    "node_modules/web-tree-sitter": {
      "version": "0.22.6",
      "resolved": "https://registry.npmmirror.com/web-tree-sitter/-/web-tree-sitter-0.22.6.tgz",
      "integrity": "sha512-hS87TH71Zd6mGAmYCvlgxeGDjqd9GTeqXNqTT+u0Gs51uIozNIaaq/kUAbV/Zf56jb2ZOyG8BxZs2GG9wbLi6Q==",
      "license": "MIT"
    },
    "node_modules/z3-solver": {
      "version": "4.16.0",
      "resolved": "https://registry.npmmirror.com/z3-solver/-/z3-solver-4.16.0.tgz",
      "integrity": "sha512-vWT+I5Yz0dXtseLVZsnkwAIrRmbxw0rCX5a6Xglc6n1CyPESNMnHB3iAWh7XTQQHZRlpWYnKJXTJ0ahTTNHZEg==",
      "license": "MIT",
      "dependencies": {
        "async-mutex": "^0.3.2"
      },
      "engines": {
        "node": ">=16"
      }
    }
  }
}
